
Microsoft Visual Studio Solution File, Format Version 12.00
# Visual Studio Version 16
VisualStudioVersion = 16.0.31729.503
MinimumVisualStudioVersion = 10.0.40219.1
Project("{9A19103F-16F7-4668-BE54-9A1E7A4F7556}") = "APIGateway", "APIGateway\APIGateway.csproj", "{31D644D0-D934-497B-B554-EB847809F641}"
EndProject
Project("{2150E333-8FDC-42A3-9474-1A3956D46DE8}") = "Services", "Services", "{5C54E165-1DA1-4A05-A525-E6DA22F9E1F4}"
EndProject
Project("{9A19103F-16F7-4668-BE54-9A1E7A4F7556}") = "Contact.API", "Services\ContactAPI\Contact.API\Contact.API.csproj", "{87F974CC-EC2F-4DB1-B2B0-EBE4798BBB00}"
EndProject
Project("{9A19103F-16F7-4668-BE54-9A1E7A4F7556}") = "Report.API", "Services\ReportAPI\Report.API\Report.API.csproj", "{9F274D24-AB60-40AF-B780-3DE443EE2FAB}"
EndProject
Project("{2150E333-8FDC-42A3-9474-1A3956D46DE8}") = "ContactAPI", "ContactAPI", "{97436EA8-4594-4A8C-AB42-33E33CFF8013}"
EndProject
Project("{2150E333-8FDC-42A3-9474-1A3956D46DE8}") = "ReportAPI", "ReportAPI", "{15BE1160-8DC0-4D48-B8F5-31E62B30C31C}"
EndProject
Project("{FAE04EC0-301F-11D3-BF4B-00C04F79EFBC}") = "Contact.API.Infrastructure", "Services\ContactAPI\Contact.API.Infrastructure\Contact.API.Infrastructure.csproj", "{AFD78257-A41E-488F-9D9A-37AC9504480E}"
EndProject
Project("{FAE04EC0-301F-11D3-BF4B-00C04F79EFBC}") = "Contact.API.Models", "Services\ContactAPI\Contact.API.Models\Contact.API.Models.csproj", "{771284F4-CC74-4529-9C40-BBD5BC274828}"
EndProject
Project("{FAE04EC0-301F-11D3-BF4B-00C04F79EFBC}") = "Contact.API.Services", "Services\ContactAPI\Contact.API.Services\Contact.API.Services.csproj", "{748D7099-07C3-46D6-93BC-ED9C6257720B}"
EndProject
Project("{FAE04EC0-301F-11D3-BF4B-00C04F79EFBC}") = "Contact.API.Data", "Services\ContactAPI\Contact.API.Data\Contact.API.Data.csproj", "{4D515CDF-79D6-48BC-8704-325E89D3C413}"
EndProject
Project("{FAE04EC0-301F-11D3-BF4B-00C04F79EFBC}") = "Constants", "Constants\Constants.csproj", "{7C9BFFAD-CD53-41BF-9612-C5AF2968A3EF}"
EndProject
Global
	GlobalSection(SolutionConfigurationPlatforms) = preSolution
		Debug|Any CPU = Debug|Any CPU
		Release|Any CPU = Release|Any CPU
	EndGlobalSection
	GlobalSection(ProjectConfigurationPlatforms) = postSolution
		{31D644D0-D934-497B-B554-EB847809F641}.Debug|Any CPU.ActiveCfg = Debug|Any CPU
		{31D644D0-D934-497B-B554-EB847809F641}.Debug|Any CPU.Build.0 = Debug|Any CPU
		{31D644D0-D934-497B-B554-EB847809F641}.Release|Any CPU.ActiveCfg = Release|Any CPU
		{31D644D0-D934-497B-B554-EB847809F641}.Release|Any CPU.Build.0 = Release|Any CPU
		{87F974CC-EC2F-4DB1-B2B0-EBE4798BBB00}.Debug|Any CPU.ActiveCfg = Debug|Any CPU
		{87F974CC-EC2F-4DB1-B2B0-EBE4798BBB00}.Debug|Any CPU.Build.0 = Debug|Any CPU
		{87F974CC-EC2F-4DB1-B2B0-EBE4798BBB00}.Release|Any CPU.ActiveCfg = Release|Any CPU
		{87F974CC-EC2F-4DB1-B2B0-EBE4798BBB00}.Release|Any CPU.Build.0 = Release|Any CPU
		{9F274D24-AB60-40AF-B780-3DE443EE2FAB}.Debug|Any CPU.ActiveCfg = Debug|Any CPU
		{9F274D24-AB60-40AF-B780-3DE443EE2FAB}.Debug|Any CPU.Build.0 = Debug|Any CPU
		{9F274D24-AB60-40AF-B780-3DE443EE2FAB}.Release|Any CPU.ActiveCfg = Release|Any CPU
		{9F274D24-AB60-40AF-B780-3DE443EE2FAB}.Release|Any CPU.Build.0 = Release|Any CPU
		{AFD78257-A41E-488F-9D9A-37AC9504480E}.Debug|Any CPU.ActiveCfg = Debug|Any CPU
		{AFD78257-A41E-488F-9D9A-37AC9504480E}.Debug|Any CPU.Build.0 = Debug|Any CPU
		{AFD78257-A41E-488F-9D9A-37AC9504480E}.Release|Any CPU.ActiveCfg = Release|Any CPU
		{AFD78257-A41E-488F-9D9A-37AC9504480E}.Release|Any CPU.Build.0 = Release|Any CPU
		{771284F4-CC74-4529-9C40-BBD5BC274828}.Debug|Any CPU.ActiveCfg = Debug|Any CPU
		{771284F4-CC74-4529-9C40-BBD5BC274828}.Debug|Any CPU.Build.0 = Debug|Any CPU
		{771284F4-CC74-4529-9C40-BBD5BC274828}.Release|Any CPU.ActiveCfg = Release|Any CPU
		{771284F4-CC74-4529-9C40-BBD5BC274828}.Release|Any CPU.Build.0 = Release|Any CPU
		{748D7099-07C3-46D6-93BC-ED9C6257720B}.Debug|Any CPU.ActiveCfg = Debug|Any CPU
		{748D7099-07C3-46D6-93BC-ED9C6257720B}.Debug|Any CPU.Build.0 = Debug|Any CPU
		{748D7099-07C3-46D6-93BC-ED9C6257720B}.Release|Any CPU.ActiveCfg = Release|Any CPU
		{748D7099-07C3-46D6-93BC-ED9C6257720B}.Release|Any CPU.Build.0 = Release|Any CPU
		{4D515CDF-79D6-48BC-8704-325E89D3C413}.Debug|Any CPU.ActiveCfg = Debug|Any CPU
		{4D515CDF-79D6-48BC-8704-325E89D3C413}.Debug|Any CPU.Build.0 = Debug|Any CPU
		{4D515CDF-79D6-48BC-8704-325E89D3C413}.Release|Any CPU.ActiveCfg = Release|Any CPU
		{4D515CDF-79D6-48BC-8704-325E89D3C413}.Release|Any CPU.Build.0 = Release|Any CPU
		{7C9BFFAD-CD53-41BF-9612-C5AF2968A3EF}.Debug|Any CPU.ActiveCfg = Debug|Any CPU
		{7C9BFFAD-CD53-41BF-9612-C5AF2968A3EF}.Debug|Any CPU.Build.0 = Debug|Any CPU
		{7C9BFFAD-CD53-41BF-9612-C5AF2968A3EF}.Release|Any CPU.ActiveCfg = Release|Any CPU
		{7C9BFFAD-CD53-41BF-9612-C5AF2968A3EF}.Release|Any CPU.Build.0 = Release|Any CPU
	EndGlobalSection
	GlobalSection(SolutionProperties) = preSolution
		HideSolutionNode = FALSE
	EndGlobalSection
	GlobalSection(NestedProjects) = preSolution
		{87F974CC-EC2F-4DB1-B2B0-EBE4798BBB00} = {97436EA8-4594-4A8C-AB42-33E33CFF8013}
		{9F274D24-AB60-40AF-B780-3DE443EE2FAB} = {15BE1160-8DC0-4D48-B8F5-31E62B30C31C}
		{97436EA8-4594-4A8C-AB42-33E33CFF8013} = {5C54E165-1DA1-4A05-A525-E6DA22F9E1F4}
		{15BE1160-8DC0-4D48-B8F5-31E62B30C31C} = {5C54E165-1DA1-4A05-A525-E6DA22F9E1F4}
		{AFD78257-A41E-488F-9D9A-37AC9504480E} = {97436EA8-4594-4A8C-AB42-33E33CFF8013}
		{771284F4-CC74-4529-9C40-BBD5BC274828} = {97436EA8-4594-4A8C-AB42-33E33CFF8013}
		{748D7099-07C3-46D6-93BC-ED9C6257720B} = {97436EA8-4594-4A8C-AB42-33E33CFF8013}
		{4D515CDF-79D6-48BC-8704-325E89D3C413} = {97436EA8-4594-4A8C-AB42-33E33CFF8013}
	EndGlobalSection
	GlobalSection(ExtensibilityGlobals) = postSolution
		SolutionGuid = {DB2770E1-A338-4845-BE67-91E64C4EA19E}
	EndGlobalSection
EndGlobal
